// !$*UTF8*$!
{
	archiveVersion = 1;
	classes = {
	};
	objectVersion = 50;
	objects = {

/* Begin PBXBuildFile section */
		43090E992498760100758E0D /* AppDelegate.m in Sources */ = {isa = PBXBuildFile; fileRef = 43090E982498760100758E0D /* AppDelegate.m */; };
		43090E9C2498760100758E0D /* SceneDelegate.m in Sources */ = {isa = PBXBuildFile; fileRef = 43090E9B2498760100758E0D /* SceneDelegate.m */; };
		43090E9F2498760200758E0D /* ViewController.m in Sources */ = {isa = PBXBuildFile; fileRef = 43090E9E2498760200758E0D /* ViewController.m */; };
		43090EA22498760200758E0D /* Main.storyboard in Resources */ = {isa = PBXBuildFile; fileRef = 43090EA02498760200758E0D /* Main.storyboard */; };
		43090EA42498760400758E0D /* Assets.xcassets in Resources */ = {isa = PBXBuildFile; fileRef = 43090EA32498760400758E0D /* Assets.xcassets */; };
		43090EA72498760400758E0D /* LaunchScreen.storyboard in Resources */ = {isa = PBXBuildFile; fileRef = 43090EA52498760400758E0D /* LaunchScreen.storyboard */; };
		43090EAA2498760400758E0D /* main.m in Sources */ = {isa = PBXBuildFile; fileRef = 43090EA92498760400758E0D /* main.m */; };
		43090EB32498763400758E0D /* FFLabel.m in Sources */ = {isa = PBXBuildFile; fileRef = 43090EB22498763400758E0D /* FFLabel.m */; };
		43C99AB324AC698C005C2AC4 /* FFButton.m in Sources */ = {isa = PBXBuildFile; fileRef = 43C99AB224AC698C005C2AC4 /* FFButton.m */; };
		43C99AB624AC863B005C2AC4 /* FFTextField.m in Sources */ = {isa = PBXBuildFile; fileRef = 43C99AB524AC863B005C2AC4 /* FFTextField.m */; };
		43C99ABA24AC92B6005C2AC4 /* FFTableViewReloadTestController.m in Sources */ = {isa = PBXBuildFile; fileRef = 43C99AB924AC92B6005C2AC4 /* FFTableViewReloadTestController.m */; };
/* End PBXBuildFile section */

/* Begin PBXFileReference section */
		43090E942498760100758E0D /* FFKit.app */ = {isa = PBXFileReference; explicitFileType = wrapper.application; includeInIndex = 0; path = FFKit.app; sourceTree = BUILT_PRODUCTS_DIR; };
		43090E972498760100758E0D /* AppDelegate.h */ = {isa = PBXFileReference; lastKnownFileType = sourcecode.c.h; path = AppDelegate.h; sourceTree = "<group>"; };
		43090E982498760100758E0D /* AppDelegate.m */ = {isa = PBXFileReference; lastKnownFileType = sourcecode.c.objc; path = AppDelegate.m; sourceTree = "<group>"; };
		43090E9A2498760100758E0D /* SceneDelegate.h */ = {isa = PBXFileReference; lastKnownFileType = sourcecode.c.h; path = SceneDelegate.h; sourceTree = "<group>"; };
		43090E9B2498760100758E0D /* SceneDelegate.m */ = {isa = PBXFileReference; lastKnownFileType = sourcecode.c.objc; path = SceneDelegate.m; sourceTree = "<group>"; };
		43090E9D2498760100758E0D /* ViewController.h */ = {isa = PBXFileReference; lastKnownFileType = sourcecode.c.h; path = ViewController.h; sourceTree = "<group>"; };
		43090E9E2498760200758E0D /* ViewController.m */ = {isa = PBXFileReference; lastKnownFileType = sourcecode.c.objc; path = ViewController.m; sourceTree = "<group>"; };
		43090EA12498760200758E0D /* Base */ = {isa = PBXFileReference; lastKnownFileType = file.storyboard; name = Base; path = Base.lproj/Main.storyboard; sourceTree = "<group>"; };
		43090EA32498760400758E0D /* Assets.xcassets */ = {isa = PBXFileReference; lastKnownFileType = folder.assetcatalog; path = Assets.xcassets; sourceTree = "<group>"; };
		43090EA62498760400758E0D /* Base */ = {isa = PBXFileReference; lastKnownFileType = file.storyboard; name = Base; path = Base.lproj/LaunchScreen.storyboard; sourceTree = "<group>"; };
		43090EA82498760400758E0D /* Info.plist */ = {isa = PBXFileReference; lastKnownFileType = text.plist.xml; path = Info.plist; sourceTree = "<group>"; };
		43090EA92498760400758E0D /* main.m */ = {isa = PBXFileReference; lastKnownFileType = sourcecode.c.objc; path = main.m; sourceTree = "<group>"; };
		43090EB02498762100758E0D /* FFKit.h */ = {isa = PBXFileReference; lastKnownFileType = sourcecode.c.h; path = FFKit.h; sourceTree = "<group>"; };
		43090EB12498763400758E0D /* FFLabel.h */ = {isa = PBXFileReference; lastKnownFileType = sourcecode.c.h; path = FFLabel.h; sourceTree = "<group>"; };
		43090EB22498763400758E0D /* FFLabel.m */ = {isa = PBXFileReference; lastKnownFileType = sourcecode.c.objc; path = FFLabel.m; sourceTree = "<group>"; };
		43C99AB124AC698C005C2AC4 /* FFButton.h */ = {isa = PBXFileReference; lastKnownFileType = sourcecode.c.h; path = FFButton.h; sourceTree = "<group>"; };
		43C99AB224AC698C005C2AC4 /* FFButton.m */ = {isa = PBXFileReference; lastKnownFileType = sourcecode.c.objc; path = FFButton.m; sourceTree = "<group>"; };
		43C99AB424AC863B005C2AC4 /* FFTextField.h */ = {isa = PBXFileReference; lastKnownFileType = sourcecode.c.h; path = FFTextField.h; sourceTree = "<group>"; };
		43C99AB524AC863B005C2AC4 /* FFTextField.m */ = {isa = PBXFileReference; lastKnownFileType = sourcecode.c.objc; path = FFTextField.m; sourceTree = "<group>"; };
		43C99AB824AC92B6005C2AC4 /* FFTableViewReloadTestController.h */ = {isa = PBXFileReference; lastKnownFileType = sourcecode.c.h; path = FFTableViewReloadTestController.h; sourceTree = "<group>"; };
		43C99AB924AC92B6005C2AC4 /* FFTableViewReloadTestController.m */ = {isa = PBXFileReference; lastKnownFileType = sourcecode.c.objc; path = FFTableViewReloadTestController.m; sourceTree = "<group>"; };
/* End PBXFileReference section */

/* Begin PBXFrameworksBuildPhase section */
		43090E912498760100758E0D /* Frameworks */ = {
			isa = PBXFrameworksBuildPhase;
			buildActionMask = 2147483647;
			files = (
			);
			runOnlyForDeploymentPostprocessing = 0;
		};
/* End PBXFrameworksBuildPhase section */

/* Begin PBXGroup section */
		43090E8B2498760100758E0D = {
			isa = PBXGroup;
			children = (
				43090E962498760100758E0D /* FFKit */,
				43090E952498760100758E0D /* Products */,
			);
			sourceTree = "<group>";
		};
		43090E952498760100758E0D /* Products */ = {
			isa = PBXGroup;
			children = (
				43090E942498760100758E0D /* FFKit.app */,
			);
			name = Products;
			sourceTree = "<group>";
		};
		43090E962498760100758E0D /* FFKit */ = {
			isa = PBXGroup;
			children = (
				43C99AB724AC8DBC005C2AC4 /* FFKit */,
				43090E972498760100758E0D /* AppDelegate.h */,
				43090E982498760100758E0D /* AppDelegate.m */,
				43090E9A2498760100758E0D /* SceneDelegate.h */,
				43090E9B2498760100758E0D /* SceneDelegate.m */,
				43090E9D2498760100758E0D /* ViewController.h */,
				43090E9E2498760200758E0D /* ViewController.m */,
				43C99AB824AC92B6005C2AC4 /* FFTableViewReloadTestController.h */,
				43C99AB924AC92B6005C2AC4 /* FFTableViewReloadTestController.m */,
				43090EA02498760200758E0D /* Main.storyboard */,
				43090EA32498760400758E0D /* Assets.xcassets */,
				43090EA52498760400758E0D /* LaunchScreen.storyboard */,
				43090EA82498760400758E0D /* Info.plist */,
				43090EA92498760400758E0D /* main.m */,
			);
			path = FFKit;
			sourceTree = "<group>";
		};
		43C99AB724AC8DBC005C2AC4 /* FFKit */ = {
			isa = PBXGroup;
			children = (
				43090EB02498762100758E0D /* FFKit.h */,
				43090EB12498763400758E0D /* FFLabel.h */,
				43090EB22498763400758E0D /* FFLabel.m */,
				43C99AB124AC698C005C2AC4 /* FFButton.h */,
				43C99AB224AC698C005C2AC4 /* FFButton.m */,
				43C99AB424AC863B005C2AC4 /* FFTextField.h */,
				43C99AB524AC863B005C2AC4 /* FFTextField.m */,
			);
			path = FFKit;
			sourceTree = "<group>";
		};
/* End PBXGroup section */

/* Begin PBXNativeTarget section */
		43090E932498760100758E0D /* FFKit */ = {
			isa = PBXNativeTarget;
			buildConfigurationList = 43090EAD2498760400758E0D /* Build configuration list for PBXNativeTarget "FFKit" */;
			buildPhases = (
				43090E902498760100758E0D /* Sources */,
				43090E912498760100758E0D /* Frameworks */,
				43090E922498760100758E0D /* Resources */,
			);
			buildRules = (
			);
			dependencies = (
			);
			name = FFKit;
			productName = FFKit;
			productReference = 43090E942498760100758E0D /* FFKit.app */;
			productType = "com.apple.product-type.application";
		};
/* End PBXNativeTarget section */

/* Begin PBXProject section */
		43090E8C2498760100758E0D /* Project object */ = {
			isa = PBXProject;
			attributes = {
				LastUpgradeCheck = 1130;
				ORGANIZATIONNAME = GTion;
				TargetAttributes = {
					43090E932498760100758E0D = {
						CreatedOnToolsVersion = 11.3.1;
					};
				};
			};
			buildConfigurationList = 43090E8F2498760100758E0D /* Build configuration list for PBXProject "FFKit" */;
			compatibilityVersion = "Xcode 9.3";
			developmentRegion = en;
			hasScannedForEncodings = 0;
			knownRegions = (
				en,
				Base,
			);
			mainGroup = 43090E8B2498760100758E0D;
			productRefGroup = 43090E952498760100758E0D /* Products */;
			projectDirPath = "";
			projectRoot = "";
			targets = (
				43090E932498760100758E0D /* FFKit */,
			);
		};
/* End PBXProject section */

/* Begin PBXResourcesBuildPhase section */
		43090E922498760100758E0D /* Resources */ = {
			isa = PBXResourcesBuildPhase;
			buildActionMask = 2147483647;
			files = (
				43090EA72498760400758E0D /* LaunchScreen.storyboard in Resources */,
				43090EA42498760400758E0D /* Assets.xcassets in Resources */,
				43090EA22498760200758E0D /* Main.storyboard in Resources */,
			);
			runOnlyForDeploymentPostprocessing = 0;
		};
/* End PBXResourcesBuildPhase section */

/* Begin PBXSourcesBuildPhase section */
		43090E902498760100758E0D /* Sources */ = {
			isa = PBXSourcesBuildPhase;
			buildActionMask = 2147483647;
			files = (
				43090E9F2498760200758E0D /* ViewController.m in Sources */,
				43090E992498760100758E0D /* AppDelegate.m in Sources */,
				43C99ABA24AC92B6005C2AC4 /* FFTableViewReloadTestController.m in Sources */,
				43090EAA2498760400758E0D /* main.m in Sources */,
				43C99AB624AC863B005C2AC4 /* FFTextField.m in Sources */,
				43090E9C2498760100758E0D /* SceneDelegate.m in Sources */,
				43090EB32498763400758E0D /* FFLabel.m in Sources */,
				43C99AB324AC698C005C2AC4 /* FFButton.m in Sources */,
			);
			runOnlyForDeploymentPostprocessing = 0;
		};
/* End PBXSourcesBuildPhase section */

/* Begin PBXVariantGroup section */
		43090EA02498760200758E0D /* Main.storyboard */ = {
			isa = PBXVariantGroup;
			children = (
				43090EA12498760200758E0D /* Base */,
			);
			name = Main.storyboard;
			sourceTree = "<group>";
		};
		43090EA52498760400758E0D /* LaunchScreen.storyboard */ = {
			isa = PBXVariantGroup;
			children = (
				43090EA62498760400758E0D /* Base */,
			);
			name = LaunchScreen.storyboard;
			sourceTree = "<group>";
		};
/* End PBXVariantGroup section */

/* Begin XCBuildConfiguration section */
		43090EAB2498760400758E0D /* Debug */ = {
			isa = XCBuildConfiguration;
			buildSettings = {
				ALWAYS_SEARCH_USER_PATHS = NO;
				CLANG_ANALYZER_NONNULL = YES;
				CLANG_ANALYZER_NUMBER_OBJECT_CONVERSION = YES_AGGRESSIVE;
				CLANG_CXX_LANGUAGE_STANDARD = "gnu++14";
				CLANG_CXX_LIBRARY = "libc++";
				CLANG_ENABLE_MODULES = YES;
				CLANG_ENABLE_OBJC_ARC = YES;
				CLANG_ENABLE_OBJC_WEAK = YES;
				CLANG_WARN_BLOCK_CAPTURE_AUTORELEASING = YES;
				CLANG_WARN_BOOL_CONVERSION = YES;
				CLANG_WARN_COMMA = YES;
				CLANG_WARN_CONSTANT_CONVERSION = YES;
				CLANG_WARN_DEPRECATED_OBJC_IMPLEMENTATIONS = YES;
				CLANG_WARN_DIRECT_OBJC_ISA_USAGE = YES_ERROR;
				CLANG_WARN_DOCUMENTATION_COMMENTS = YES;
				CLANG_WARN_EMPTY_BODY = YES;
				CLANG_WARN_ENUM_CONVERSION = YES;
				CLANG_WARN_INFINITE_RECURSION = YES;
				CLANG_WARN_INT_CONVERSION = YES;
				CLANG_WARN_NON_LITERAL_NULL_CONVERSION = YES;
				CLANG_WARN_OBJC_IMPLICIT_RETAIN_SELF = YES;
				CLANG_WARN_OBJC_LITERAL_CONVERSION = YES;
				CLANG_WARN_OBJC_ROOT_CLASS = YES_ERROR;
				CLANG_WARN_RANGE_LOOP_ANALYSIS = YES;
				CLANG_WARN_STRICT_PROTOTYPES = YES;
				CLANG_WARN_SUSPICIOUS_MOVE = YES;
				CLANG_WARN_UNGUARDED_AVAILABILITY = YES_AGGRESSIVE;
				CLANG_WARN_UNREACHABLE_CODE = YES;
				CLANG_WARN__DUPLICATE_METHOD_MATCH = YES;
				COPY_PHASE_STRIP = NO;
				DEBUG_INFORMATION_FORMAT = dwarf;
				ENABLE_STRICT_OBJC_MSGSEND = YES;
				ENABLE_TESTABILITY = YES;
				GCC_C_LANGUAGE_STANDARD = gnu11;
				GCC_DYNAMIC_NO_PIC = NO;
				GCC_NO_COMMON_BLOCKS = YES;
				GCC_OPTIMIZATION_LEVEL = 0;
				GCC_PREPROCESSOR_DEFINITIONS = (
					"DEBUG=1",
					"$(inherited)",
				);
				GCC_WARN_64_TO_32_BIT_CONVERSION = YES;
				GCC_WARN_ABOUT_RETURN_TYPE = YES_ERROR;
				GCC_WARN_UNDECLARED_SELECTOR = YES;
				GCC_WARN_UNINITIALIZED_AUTOS = YES_AGGRESSIVE;
				GCC_WARN_UNUSED_FUNCTION = YES;
				GCC_WARN_UNUSED_VARIABLE = YES;
				IPHONEOS_DEPLOYMENT_TARGET = 13.2;
				MTL_ENABLE_DEBUG_INFO = INCLUDE_SOURCE;
				MTL_FAST_MATH = YES;
				ONLY_ACTIVE_ARCH = YES;
				SDKROOT = iphoneos;
			};
			name = Debug;
		};
		43090EAC2498760400758E0D /* Release */ = {
			isa = XCBuildConfiguration;
			buildSettings = {
				ALWAYS_SEARCH_USER_PATHS = NO;
				CLANG_ANALYZER_NONNULL = YES;
				CLANG_ANALYZER_NUMBER_OBJECT_CONVERSION = YES_AGGRESSIVE;
				CLANG_CXX_LANGUAGE_STANDARD = "gnu++14";
				CLANG_CXX_LIBRARY = "libc++";
				CLANG_ENABLE_MODULES = YES;
				CLANG_ENABLE_OBJC_ARC = YES;
				CLANG_ENABLE_OBJC_WEAK = YES;
				CLANG_WARN_BLOCK_CAPTURE_AUTORELEASING = YES;
				CLANG_WARN_BOOL_CONVERSION = YES;
				CLANG_WARN_COMMA = YES;
				CLANG_WARN_CONSTANT_CONVERSION = YES;
				CLANG_WARN_DEPRECATED_OBJC_IMPLEMENTATIONS = YES;
				CLANG_WARN_DIRECT_OBJC_ISA_USAGE = YES_ERROR;
				CLANG_WARN_DOCUMENTATION_COMMENTS = YES;
				CLANG_WARN_EMPTY_BODY = YES;
				CLANG_WARN_ENUM_CONVERSION = YES;
				CLANG_WARN_INFINITE_RECURSION = YES;
				CLANG_WARN_INT_CONVERSION = YES;
				CLANG_WARN_NON_LITERAL_NULL_CONVERSION = YES;
				CLANG_WARN_OBJC_IMPLICIT_RETAIN_SELF = YES;
				CLANG_WARN_OBJC_LITERAL_CONVERSION = YES;
				CLANG_WARN_OBJC_ROOT_CLASS = YES_ERROR;
				CLANG_WARN_RANGE_LOOP_ANALYSIS = YES;
				CLANG_WARN_STRICT_PROTOTYPES = YES;
				CLANG_WARN_SUSPICIOUS_MOVE = YES;
				CLANG_WARN_UNGUARDED_AVAILABILITY = YES_AGGRESSIVE;
				CLANG_WARN_UNREACHABLE_CODE = YES;
				CLANG_WARN__DUPLICATE_METHOD_MATCH = YES;
				COPY_PHASE_STRIP = NO;
				DEBUG_INFORMATION_FORMAT = "dwarf-with-dsym";
				ENABLE_NS_ASSERTIONS = NO;
				ENABLE_STRICT_OBJC_MSGSEND = YES;
				GCC_C_LANGUAGE_STANDARD = gnu11;
				GCC_NO_COMMON_BLOCKS = YES;
				GCC_WARN_64_TO_32_BIT_CONVERSION = YES;
				GCC_WARN_ABOUT_RETURN_TYPE = YES_ERROR;
				GCC_WARN_UNDECLARED_SELECTOR = YES;
				GCC_WARN_UNINITIALIZED_AUTOS = YES_AGGRESSIVE;
				GCC_WARN_UNUSED_FUNCTION = YES;
				GCC_WARN_UNUSED_VARIABLE = YES;
				IPHONEOS_DEPLOYMENT_TARGET = 13.2;
				MTL_ENABLE_DEBUG_INFO = NO;
				MTL_FAST_MATH = YES;
				SDKROOT = iphoneos;
				VALIDATE_PRODUCT = YES;
			};
			name = Release;
		};
		43090EAE2498760400758E0D /* Debug */ = {
			isa = XCBuildConfiguration;
			buildSettings = {
				ASSETCATALOG_COMPILER_APPICON_NAME = AppIcon;
				CODE_SIGN_STYLE = Automatic;
				DEVELOPMENT_TEAM = BT6VFF8ZHB;
				INFOPLIST_FILE = FFKit/Info.plist;
				LD_RUNPATH_SEARCH_PATHS = (
					"$(inherited)",
					"@executable_path/Frameworks",
				);
				PRODUCT_BUNDLE_IDENTIFIER = ffang.FFKit;
				PRODUCT_NAME = "$(TARGET_NAME)";
				TARGETED_DEVICE_FAMILY = "1,2";
			};
			name = Debug;
		};
		43090EAF2498760400758E0D /* Release */ = {
			isa = XCBuildConfiguration;
			buildSettings = {
				ASSETCATALOG_COMPILER_APPICON_NAME = AppIcon;
				CODE_SIGN_STYLE = Automatic;
				DEVELOPMENT_TEAM = BT6VFF8ZHB;
				INFOPLIST_FILE = FFKit/Info.plist;
				LD_RUNPATH_SEARCH_PATHS = (
					"$(inherited)",
					"@executable_path/Frameworks",
				);
				PRODUCT_BUNDLE_IDENTIFIER = ffang.FFKit;
				PRODUCT_NAME = "$(TARGET_NAME)";
				TARGETED_DEVICE_FAMILY = "1,2";
			};
			name = Release;
		};
/* End XCBuildConfiguration section */

/* Begin XCConfigurationList section */
		43090E8F2498760100758E0D /* Build configuration list for PBXProject "FFKit" */ = {
			isa = XCConfigurationList;
			buildConfigurations = (
				43090EAB2498760400758E0D /* Debug */,
				43090EAC2498760400758E0D /* Release */,
			);
			defaultConfigurationIsVisible = 0;
			defaultConfigurationName = Release;
		};
		43090EAD2498760400758E0D /* Build configuration list for PBXNativeTarget "FFKit" */ = {
			isa = XCConfigurationList;
			buildConfigurations = (
				43090EAE2498760400758E0D /* Debug */,
				43090EAF2498760400758E0D /* Release */,
			);
			defaultConfigurationIsVisible = 0;
			defaultConfigurationName = Release;
		};
/* End XCConfigurationList section */
	};
	rootObject = 43090E8C2498760100758E0D /* Project object */;
}
